// !$*UTF8*$!
{
	archiveVersion = 1;
	classes = {
	};
	objectVersion = 55;
	objects = {

/* Begin PBXBuildFile section */
		214EB77127C5E80900A7A846 /* AppDelegate.swift in Sources */ = {isa = PBXBuildFile; fileRef = 214EB77027C5E80900A7A846 /* AppDelegate.swift */; };
		214EB77327C5E80900A7A846 /* SceneDelegate.swift in Sources */ = {isa = PBXBuildFile; fileRef = 214EB77227C5E80900A7A846 /* SceneDelegate.swift */; };
		214EB77A27C5E80A00A7A846 /* Assets.xcassets in Resources */ = {isa = PBXBuildFile; fileRef = 214EB77927C5E80A00A7A846 /* Assets.xcassets */; };
		214EB77D27C5E80A00A7A846 /* LaunchScreen.storyboard in Resources */ = {isa = PBXBuildFile; fileRef = 214EB77B27C5E80A00A7A846 /* LaunchScreen.storyboard */; };
		214EB78A27C5EE5500A7A846 /* TabBarController.swift in Sources */ = {isa = PBXBuildFile; fileRef = 214EB78927C5EE5500A7A846 /* TabBarController.swift */; };
		214EB79227C5F4AB00A7A846 /* Home.storyboard in Resources */ = {isa = PBXBuildFile; fileRef = 214EB79127C5F4AB00A7A846 /* Home.storyboard */; };
		214EB79527C5F4C500A7A846 /* Library.storyboard in Resources */ = {isa = PBXBuildFile; fileRef = 214EB79427C5F4C500A7A846 /* Library.storyboard */; };
		214EB79727C5F4CE00A7A846 /* Search.storyboard in Resources */ = {isa = PBXBuildFile; fileRef = 214EB79627C5F4CE00A7A846 /* Search.storyboard */; };
		214EB79927C5F4EF00A7A846 /* HomeViewController.swift in Sources */ = {isa = PBXBuildFile; fileRef = 214EB79827C5F4EF00A7A846 /* HomeViewController.swift */; };
		214EB79B27C5F4FF00A7A846 /* SearchViewController.swift in Sources */ = {isa = PBXBuildFile; fileRef = 214EB79A27C5F4FF00A7A846 /* SearchViewController.swift */; };
		214EB79D27C5F50E00A7A846 /* LibraryViewController.swift in Sources */ = {isa = PBXBuildFile; fileRef = 214EB79C27C5F50E00A7A846 /* LibraryViewController.swift */; };
		21B9EC1D27C6722B00A40507 /* AuthManager.swift in Sources */ = {isa = PBXBuildFile; fileRef = 21B9EC1C27C6722B00A40507 /* AuthManager.swift */; };
		21B9EC1F27C6775E00A40507 /* Constant.swift in Sources */ = {isa = PBXBuildFile; fileRef = 21B9EC1E27C6775E00A40507 /* Constant.swift */; };
		21C0B8E327C7BC0F00997A97 /* WelcomeViewController.swift in Sources */ = {isa = PBXBuildFile; fileRef = 21C0B8E227C7BC0F00997A97 /* WelcomeViewController.swift */; };
		21C0B8E527C7BC2D00997A97 /* Welcome.storyboard in Resources */ = {isa = PBXBuildFile; fileRef = 21C0B8E427C7BC2D00997A97 /* Welcome.storyboard */; };
		21C1151C27C736D1008F73F6 /* BaseWebViewController.swift in Sources */ = {isa = PBXBuildFile; fileRef = 21C1151B27C736D1008F73F6 /* BaseWebViewController.swift */; };
/* End PBXBuildFile section */

/* Begin PBXFileReference section */
		214EB76D27C5E80900A7A846 /* Music.app */ = {isa = PBXFileReference; explicitFileType = wrapper.application; includeInIndex = 0; path = Music.app; sourceTree = BUILT_PRODUCTS_DIR; };
		214EB77027C5E80900A7A846 /* AppDelegate.swift */ = {isa = PBXFileReference; lastKnownFileType = sourcecode.swift; path = AppDelegate.swift; sourceTree = "<group>"; };
		214EB77227C5E80900A7A846 /* SceneDelegate.swift */ = {isa = PBXFileReference; lastKnownFileType = sourcecode.swift; path = SceneDelegate.swift; sourceTree = "<group>"; };
		214EB77927C5E80A00A7A846 /* Assets.xcassets */ = {isa = PBXFileReference; lastKnownFileType = folder.assetcatalog; path = Assets.xcassets; sourceTree = "<group>"; };
		214EB77C27C5E80A00A7A846 /* Base */ = {isa = PBXFileReference; lastKnownFileType = file.storyboard; name = Base; path = Base.lproj/LaunchScreen.storyboard; sourceTree = "<group>"; };
		214EB77E27C5E80A00A7A846 /* Info.plist */ = {isa = PBXFileReference; lastKnownFileType = text.plist.xml; path = Info.plist; sourceTree = "<group>"; };
		214EB78927C5EE5500A7A846 /* TabBarController.swift */ = {isa = PBXFileReference; lastKnownFileType = sourcecode.swift; path = TabBarController.swift; sourceTree = "<group>"; };
		214EB79127C5F4AB00A7A846 /* Home.storyboard */ = {isa = PBXFileReference; lastKnownFileType = file.storyboard; path = Home.storyboard; sourceTree = "<group>"; };
		214EB79427C5F4C500A7A846 /* Library.storyboard */ = {isa = PBXFileReference; lastKnownFileType = file.storyboard; path = Library.storyboard; sourceTree = "<group>"; };
		214EB79627C5F4CE00A7A846 /* Search.storyboard */ = {isa = PBXFileReference; lastKnownFileType = file.storyboard; path = Search.storyboard; sourceTree = "<group>"; };
		214EB79827C5F4EF00A7A846 /* HomeViewController.swift */ = {isa = PBXFileReference; lastKnownFileType = sourcecode.swift; path = HomeViewController.swift; sourceTree = "<group>"; };
		214EB79A27C5F4FF00A7A846 /* SearchViewController.swift */ = {isa = PBXFileReference; lastKnownFileType = sourcecode.swift; path = SearchViewController.swift; sourceTree = "<group>"; };
		214EB79C27C5F50E00A7A846 /* LibraryViewController.swift */ = {isa = PBXFileReference; lastKnownFileType = sourcecode.swift; path = LibraryViewController.swift; sourceTree = "<group>"; };
		21B9EC1C27C6722B00A40507 /* AuthManager.swift */ = {isa = PBXFileReference; lastKnownFileType = sourcecode.swift; path = AuthManager.swift; sourceTree = "<group>"; };
		21B9EC1E27C6775E00A40507 /* Constant.swift */ = {isa = PBXFileReference; lastKnownFileType = sourcecode.swift; path = Constant.swift; sourceTree = "<group>"; };
		21C0B8E227C7BC0F00997A97 /* WelcomeViewController.swift */ = {isa = PBXFileReference; lastKnownFileType = sourcecode.swift; path = WelcomeViewController.swift; sourceTree = "<group>"; };
		21C0B8E427C7BC2D00997A97 /* Welcome.storyboard */ = {isa = PBXFileReference; lastKnownFileType = file.storyboard; path = Welcome.storyboard; sourceTree = "<group>"; };
		21C1151B27C736D1008F73F6 /* BaseWebViewController.swift */ = {isa = PBXFileReference; lastKnownFileType = sourcecode.swift; path = BaseWebViewController.swift; sourceTree = "<group>"; };
/* End PBXFileReference section */

/* Begin PBXFrameworksBuildPhase section */
		214EB76A27C5E80900A7A846 /* Frameworks */ = {
			isa = PBXFrameworksBuildPhase;
			buildActionMask = 2147483647;
			files = (
			);
			runOnlyForDeploymentPostprocessing = 0;
		};
/* End PBXFrameworksBuildPhase section */

/* Begin PBXGroup section */
		214EB76427C5E80900A7A846 = {
			isa = PBXGroup;
			children = (
				214EB76F27C5E80900A7A846 /* Music */,
				214EB76E27C5E80900A7A846 /* Products */,
			);
			sourceTree = "<group>";
		};
		214EB76E27C5E80900A7A846 /* Products */ = {
			isa = PBXGroup;
			children = (
				214EB76D27C5E80900A7A846 /* Music.app */,
			);
			name = Products;
			sourceTree = "<group>";
		};
		214EB76F27C5E80900A7A846 /* Music */ = {
			isa = PBXGroup;
			children = (
				214EB78427C5EB6100A7A846 /* API */,
				214EB78727C5EB7A00A7A846 /* Resources */,
				214EB78627C5EB7200A7A846 /* Extensions */,
				214EB78527C5EB6C00A7A846 /* Data */,
				214EB78827C5EB8300A7A846 /* UI */,
				214EB77E27C5E80A00A7A846 /* Info.plist */,
			);
			path = Music;
			sourceTree = "<group>";
		};
		214EB78427C5EB6100A7A846 /* API */ = {
			isa = PBXGroup;
			children = (
			);
			path = API;
			sourceTree = "<group>";
		};
		214EB78527C5EB6C00A7A846 /* Data */ = {
			isa = PBXGroup;
			children = (
				21B9EC1B27C6721500A40507 /* Managers */,
				21B9EC1E27C6775E00A40507 /* Constant.swift */,
			);
			path = Data;
			sourceTree = "<group>";
		};
		214EB78627C5EB7200A7A846 /* Extensions */ = {
			isa = PBXGroup;
			children = (
			);
			path = Extensions;
			sourceTree = "<group>";
		};
		214EB78727C5EB7A00A7A846 /* Resources */ = {
			isa = PBXGroup;
			children = (
				214EB77927C5E80A00A7A846 /* Assets.xcassets */,
				214EB77027C5E80900A7A846 /* AppDelegate.swift */,
				214EB77227C5E80900A7A846 /* SceneDelegate.swift */,
				214EB77B27C5E80A00A7A846 /* LaunchScreen.storyboard */,
			);
			path = Resources;
			sourceTree = "<group>";
		};
		214EB78827C5EB8300A7A846 /* UI */ = {
			isa = PBXGroup;
			children = (
				21C0B8E027C7BBBB00997A97 /* Welcome */,
				21C1151A27C7369A008F73F6 /* Web */,
				214EB79027C5F47A00A7A846 /* Search */,
				214EB78F27C5F46A00A7A846 /* Library */,
				214EB78E27C5F46400A7A846 /* Home */,
				214EB78B27C5F30B00A7A846 /* Core */,
			);
			path = UI;
			sourceTree = "<group>";
		};
		214EB78B27C5F30B00A7A846 /* Core */ = {
			isa = PBXGroup;
			children = (
				214EB78927C5EE5500A7A846 /* TabBarController.swift */,
			);
			path = Core;
			sourceTree = "<group>";
		};
		214EB78E27C5F46400A7A846 /* Home */ = {
			isa = PBXGroup;
			children = (
				214EB79827C5F4EF00A7A846 /* HomeViewController.swift */,
				214EB79127C5F4AB00A7A846 /* Home.storyboard */,
			);
			path = Home;
			sourceTree = "<group>";
		};
		214EB78F27C5F46A00A7A846 /* Library */ = {
			isa = PBXGroup;
			children = (
				214EB79427C5F4C500A7A846 /* Library.storyboard */,
				214EB79C27C5F50E00A7A846 /* LibraryViewController.swift */,
			);
			path = Library;
			sourceTree = "<group>";
		};
		214EB79027C5F47A00A7A846 /* Search */ = {
			isa = PBXGroup;
			children = (
				214EB79627C5F4CE00A7A846 /* Search.storyboard */,
				214EB79A27C5F4FF00A7A846 /* SearchViewController.swift */,
			);
			path = Search;
			sourceTree = "<group>";
		};
		21B9EC1B27C6721500A40507 /* Managers */ = {
			isa = PBXGroup;
			children = (
				21B9EC1C27C6722B00A40507 /* AuthManager.swift */,
			);
			path = Managers;
			sourceTree = "<group>";
		};
		21C0B8E027C7BBBB00997A97 /* Welcome */ = {
			isa = PBXGroup;
			children = (
				21C0B8E227C7BC0F00997A97 /* WelcomeViewController.swift */,
				21C0B8E427C7BC2D00997A97 /* Welcome.storyboard */,
			);
			path = Welcome;
			sourceTree = "<group>";
		};
		21C1151A27C7369A008F73F6 /* Web */ = {
			isa = PBXGroup;
			children = (
				21C1151B27C736D1008F73F6 /* BaseWebViewController.swift */,
			);
			path = Web;
			sourceTree = "<group>";
		};
/* End PBXGroup section */

/* Begin PBXNativeTarget section */
		214EB76C27C5E80900A7A846 /* Music */ = {
			isa = PBXNativeTarget;
			buildConfigurationList = 214EB78127C5E80A00A7A846 /* Build configuration list for PBXNativeTarget "Music" */;
			buildPhases = (
				214EB76927C5E80900A7A846 /* Sources */,
				214EB76A27C5E80900A7A846 /* Frameworks */,
				214EB76B27C5E80900A7A846 /* Resources */,
			);
			buildRules = (
			);
			dependencies = (
			);
			name = Music;
			productName = Music;
			productReference = 214EB76D27C5E80900A7A846 /* Music.app */;
			productType = "com.apple.product-type.application";
		};
/* End PBXNativeTarget section */

/* Begin PBXProject section */
		214EB76527C5E80900A7A846 /* Project object */ = {
			isa = PBXProject;
			attributes = {
				BuildIndependentTargetsInParallel = 1;
				LastSwiftUpdateCheck = 1320;
				LastUpgradeCheck = 1320;
				TargetAttributes = {
					214EB76C27C5E80900A7A846 = {
						CreatedOnToolsVersion = 13.2.1;
					};
				};
			};
			buildConfigurationList = 214EB76827C5E80900A7A846 /* Build configuration list for PBXProject "Music" */;
			compatibilityVersion = "Xcode 13.0";
			developmentRegion = en;
			hasScannedForEncodings = 0;
			knownRegions = (
				en,
				Base,
			);
			mainGroup = 214EB76427C5E80900A7A846;
			productRefGroup = 214EB76E27C5E80900A7A846 /* Products */;
			projectDirPath = "";
			projectRoot = "";
			targets = (
				214EB76C27C5E80900A7A846 /* Music */,
			);
		};
/* End PBXProject section */

/* Begin PBXResourcesBuildPhase section */
		214EB76B27C5E80900A7A846 /* Resources */ = {
			isa = PBXResourcesBuildPhase;
			buildActionMask = 2147483647;
			files = (
				214EB79227C5F4AB00A7A846 /* Home.storyboard in Resources */,
				214EB77D27C5E80A00A7A846 /* LaunchScreen.storyboard in Resources */,
				214EB79527C5F4C500A7A846 /* Library.storyboard in Resources */,
				214EB77A27C5E80A00A7A846 /* Assets.xcassets in Resources */,
				214EB79727C5F4CE00A7A846 /* Search.storyboard in Resources */,
				21C0B8E527C7BC2D00997A97 /* Welcome.storyboard in Resources */,
			);
			runOnlyForDeploymentPostprocessing = 0;
		};
/* End PBXResourcesBuildPhase section */

/* Begin PBXSourcesBuildPhase section */
		214EB76927C5E80900A7A846 /* Sources */ = {
			isa = PBXSourcesBuildPhase;
			buildActionMask = 2147483647;
			files = (
				21C1151C27C736D1008F73F6 /* BaseWebViewController.swift in Sources */,
				21C0B8E327C7BC0F00997A97 /* WelcomeViewController.swift in Sources */,
				214EB79B27C5F4FF00A7A846 /* SearchViewController.swift in Sources */,
				21B9EC1D27C6722B00A40507 /* AuthManager.swift in Sources */,
				214EB78A27C5EE5500A7A846 /* TabBarController.swift in Sources */,
				21B9EC1F27C6775E00A40507 /* Constant.swift in Sources */,
				214EB77127C5E80900A7A846 /* AppDelegate.swift in Sources */,
				214EB77327C5E80900A7A846 /* SceneDelegate.swift in Sources */,
				214EB79D27C5F50E00A7A846 /* LibraryViewController.swift in Sources */,
				214EB79927C5F4EF00A7A846 /* HomeViewController.swift in Sources */,
			);
			runOnlyForDeploymentPostprocessing = 0;
		};
/* End PBXSourcesBuildPhase section */

/* Begin PBXVariantGroup section */
		214EB77B27C5E80A00A7A846 /* LaunchScreen.storyboard */ = {
			isa = PBXVariantGroup;
			children = (
				214EB77C27C5E80A00A7A846 /* Base */,
			);
			name = LaunchScreen.storyboard;
			sourceTree = "<group>";
		};
/* End PBXVariantGroup section */

/* Begin XCBuildConfiguration section */
		214EB77F27C5E80A00A7A846 /* Debug */ = {
			isa = XCBuildConfiguration;
			buildSettings = {
				ALWAYS_SEARCH_USER_PATHS = NO;
				CLANG_ANALYZER_NONNULL = YES;
				CLANG_ANALYZER_NUMBER_OBJECT_CONVERSION = YES_AGGRESSIVE;
				CLANG_CXX_LANGUAGE_STANDARD = "gnu++17";
				CLANG_CXX_LIBRARY = "libc++";
				CLANG_ENABLE_MODULES = YES;
				CLANG_ENABLE_OBJC_ARC = YES;
				CLANG_ENABLE_OBJC_WEAK = YES;
				CLANG_WARN_BLOCK_CAPTURE_AUTORELEASING = YES;
				CLANG_WARN_BOOL_CONVERSION = YES;
				CLANG_WARN_COMMA = YES;
				CLANG_WARN_CONSTANT_CONVERSION = YES;
				CLANG_WARN_DEPRECATED_OBJC_IMPLEMENTATIONS = YES;
				CLANG_WARN_DIRECT_OBJC_ISA_USAGE = YES_ERROR;
				CLANG_WARN_DOCUMENTATION_COMMENTS = YES;
				CLANG_WARN_EMPTY_BODY = YES;
				CLANG_WARN_ENUM_CONVERSION = YES;
				CLANG_WARN_INFINITE_RECURSION = YES;
				CLANG_WARN_INT_CONVERSION = YES;
				CLANG_WARN_NON_LITERAL_NULL_CONVERSION = YES;
				CLANG_WARN_OBJC_IMPLICIT_RETAIN_SELF = YES;
				CLANG_WARN_OBJC_LITERAL_CONVERSION = YES;
				CLANG_WARN_OBJC_ROOT_CLASS = YES_ERROR;
				CLANG_WARN_QUOTED_INCLUDE_IN_FRAMEWORK_HEADER = YES;
				CLANG_WARN_RANGE_LOOP_ANALYSIS = YES;
				CLANG_WARN_STRICT_PROTOTYPES = YES;
				CLANG_WARN_SUSPICIOUS_MOVE = YES;
				CLANG_WARN_UNGUARDED_AVAILABILITY = YES_AGGRESSIVE;
				CLANG_WARN_UNREACHABLE_CODE = YES;
				CLANG_WARN__DUPLICATE_METHOD_MATCH = YES;
				COPY_PHASE_STRIP = NO;
				DEBUG_INFORMATION_FORMAT = dwarf;
				ENABLE_STRICT_OBJC_MSGSEND = YES;
				ENABLE_TESTABILITY = YES;
				GCC_C_LANGUAGE_STANDARD = gnu11;
				GCC_DYNAMIC_NO_PIC = NO;
				GCC_NO_COMMON_BLOCKS = YES;
				GCC_OPTIMIZATION_LEVEL = 0;
				GCC_PREPROCESSOR_DEFINITIONS = (
					"DEBUG=1",
					"$(inherited)",
				);
				GCC_WARN_64_TO_32_BIT_CONVERSION = YES;
				GCC_WARN_ABOUT_RETURN_TYPE = YES_ERROR;
				GCC_WARN_UNDECLARED_SELECTOR = YES;
				GCC_WARN_UNINITIALIZED_AUTOS = YES_AGGRESSIVE;
				GCC_WARN_UNUSED_FUNCTION = YES;
				GCC_WARN_UNUSED_VARIABLE = YES;
				IPHONEOS_DEPLOYMENT_TARGET = 15.2;
				MTL_ENABLE_DEBUG_INFO = INCLUDE_SOURCE;
				MTL_FAST_MATH = YES;
				ONLY_ACTIVE_ARCH = YES;
				SDKROOT = iphoneos;
				SWIFT_ACTIVE_COMPILATION_CONDITIONS = DEBUG;
				SWIFT_OPTIMIZATION_LEVEL = "-Onone";
			};
			name = Debug;
		};
		214EB78027C5E80A00A7A846 /* Release */ = {
			isa = XCBuildConfiguration;
			buildSettings = {
				ALWAYS_SEARCH_USER_PATHS = NO;
				CLANG_ANALYZER_NONNULL = YES;
				CLANG_ANALYZER_NUMBER_OBJECT_CONVERSION = YES_AGGRESSIVE;
				CLANG_CXX_LANGUAGE_STANDARD = "gnu++17";
				CLANG_CXX_LIBRARY = "libc++";
				CLANG_ENABLE_MODULES = YES;
				CLANG_ENABLE_OBJC_ARC = YES;
				CLANG_ENABLE_OBJC_WEAK = YES;
				CLANG_WARN_BLOCK_CAPTURE_AUTORELEASING = YES;
				CLANG_WARN_BOOL_CONVERSION = YES;
				CLANG_WARN_COMMA = YES;
				CLANG_WARN_CONSTANT_CONVERSION = YES;
				CLANG_WARN_DEPRECATED_OBJC_IMPLEMENTATIONS = YES;
				CLANG_WARN_DIRECT_OBJC_ISA_USAGE = YES_ERROR;
				CLANG_WARN_DOCUMENTATION_COMMENTS = YES;
				CLANG_WARN_EMPTY_BODY = YES;
				CLANG_WARN_ENUM_CONVERSION = YES;
				CLANG_WARN_INFINITE_RECURSION = YES;
				CLANG_WARN_INT_CONVERSION = YES;
				CLANG_WARN_NON_LITERAL_NULL_CONVERSION = YES;
				CLANG_WARN_OBJC_IMPLICIT_RETAIN_SELF = YES;
				CLANG_WARN_OBJC_LITERAL_CONVERSION = YES;
				CLANG_WARN_OBJC_ROOT_CLASS = YES_ERROR;
				CLANG_WARN_QUOTED_INCLUDE_IN_FRAMEWORK_HEADER = YES;
				CLANG_WARN_RANGE_LOOP_ANALYSIS = YES;
				CLANG_WARN_STRICT_PROTOTYPES = YES;
				CLANG_WARN_SUSPICIOUS_MOVE = YES;
				CLANG_WARN_UNGUARDED_AVAILABILITY = YES_AGGRESSIVE;
				CLANG_WARN_UNREACHABLE_CODE = YES;
				CLANG_WARN__DUPLICATE_METHOD_MATCH = YES;
				COPY_PHASE_STRIP = NO;
				DEBUG_INFORMATION_FORMAT = "dwarf-with-dsym";
				ENABLE_NS_ASSERTIONS = NO;
				ENABLE_STRICT_OBJC_MSGSEND = YES;
				GCC_C_LANGUAGE_STANDARD = gnu11;
				GCC_NO_COMMON_BLOCKS = YES;
				GCC_WARN_64_TO_32_BIT_CONVERSION = YES;
				GCC_WARN_ABOUT_RETURN_TYPE = YES_ERROR;
				GCC_WARN_UNDECLARED_SELECTOR = YES;
				GCC_WARN_UNINITIALIZED_AUTOS = YES_AGGRESSIVE;
				GCC_WARN_UNUSED_FUNCTION = YES;
				GCC_WARN_UNUSED_VARIABLE = YES;
				IPHONEOS_DEPLOYMENT_TARGET = 15.2;
				MTL_ENABLE_DEBUG_INFO = NO;
				MTL_FAST_MATH = YES;
				SDKROOT = iphoneos;
				SWIFT_COMPILATION_MODE = wholemodule;
				SWIFT_OPTIMIZATION_LEVEL = "-O";
				VALIDATE_PRODUCT = YES;
			};
			name = Release;
		};
		214EB78227C5E80A00A7A846 /* Debug */ = {
			isa = XCBuildConfiguration;
			buildSettings = {
				ASSETCATALOG_COMPILER_APPICON_NAME = AppIcon;
				ASSETCATALOG_COMPILER_GLOBAL_ACCENT_COLOR_NAME = AccentColor;
				CODE_SIGN_STYLE = Automatic;
				CURRENT_PROJECT_VERSION = 1;
				DEVELOPMENT_TEAM = BNSLJ8LFRL;
				GENERATE_INFOPLIST_FILE = YES;
				INFOPLIST_FILE = Music/Info.plist;
				INFOPLIST_KEY_UIApplicationSupportsIndirectInputEvents = YES;
				INFOPLIST_KEY_UILaunchStoryboardName = LaunchScreen;
				INFOPLIST_KEY_UIMainStoryboardFile = LaunchScreen;
				INFOPLIST_KEY_UISupportedInterfaceOrientations_iPad = "UIInterfaceOrientationPortrait UIInterfaceOrientationPortraitUpsideDown UIInterfaceOrientationLandscapeLeft UIInterfaceOrientationLandscapeRight";
				INFOPLIST_KEY_UISupportedInterfaceOrientations_iPhone = "UIInterfaceOrientationPortrait UIInterfaceOrientationLandscapeLeft UIInterfaceOrientationLandscapeRight";
				LD_RUNPATH_SEARCH_PATHS = (
					"$(inherited)",
					"@executable_path/Frameworks",
				);
				MARKETING_VERSION = 1.0;
				PRODUCT_BUNDLE_IDENTIFIER = com.Music.Music;
				PRODUCT_NAME = "$(TARGET_NAME)";
				SWIFT_EMIT_LOC_STRINGS = YES;
				SWIFT_VERSION = 5.0;
				TARGETED_DEVICE_FAMILY = "1,2";
			};
			name = Debug;
		};
		214EB78327C5E80A00A7A846 /* Release */ = {
			isa = XCBuildConfiguration;
			buildSettings = {
				ASSETCATALOG_COMPILER_APPICON_NAME = AppIcon;
				ASSETCATALOG_COMPILER_GLOBAL_ACCENT_COLOR_NAME = AccentColor;
				CODE_SIGN_STYLE = Automatic;
				CURRENT_PROJECT_VERSION = 1;
				DEVELOPMENT_TEAM = BNSLJ8LFRL;
				GENERATE_INFOPLIST_FILE = YES;
				INFOPLIST_FILE = Music/Info.plist;
				INFOPLIST_KEY_UIApplicationSupportsIndirectInputEvents = YES;
				INFOPLIST_KEY_UILaunchStoryboardName = LaunchScreen;
				INFOPLIST_KEY_UIMainStoryboardFile = LaunchScreen;
				INFOPLIST_KEY_UISupportedInterfaceOrientations_iPad = "UIInterfaceOrientationPortrait UIInterfaceOrientationPortraitUpsideDown UIInterfaceOrientationLandscapeLeft UIInterfaceOrientationLandscapeRight";
				INFOPLIST_KEY_UISupportedInterfaceOrientations_iPhone = "UIInterfaceOrientationPortrait UIInterfaceOrientationLandscapeLeft UIInterfaceOrientationLandscapeRight";
				LD_RUNPATH_SEARCH_PATHS = (
					"$(inherited)",
					"@executable_path/Frameworks",
				);
				MARKETING_VERSION = 1.0;
				PRODUCT_BUNDLE_IDENTIFIER = com.Music.Music;
				PRODUCT_NAME = "$(TARGET_NAME)";
				SWIFT_EMIT_LOC_STRINGS = YES;
				SWIFT_VERSION = 5.0;
				TARGETED_DEVICE_FAMILY = "1,2";
			};
			name = Release;
		};
/* End XCBuildConfiguration section */

/* Begin XCConfigurationList section */
		214EB76827C5E80900A7A846 /* Build configuration list for PBXProject "Music" */ = {
			isa = XCConfigurationList;
			buildConfigurations = (
				214EB77F27C5E80A00A7A846 /* Debug */,
				214EB78027C5E80A00A7A846 /* Release */,
			);
			defaultConfigurationIsVisible = 0;
			defaultConfigurationName = Release;
		};
		214EB78127C5E80A00A7A846 /* Build configuration list for PBXNativeTarget "Music" */ = {
			isa = XCConfigurationList;
			buildConfigurations = (
				214EB78227C5E80A00A7A846 /* Debug */,
				214EB78327C5E80A00A7A846 /* Release */,
			);
			defaultConfigurationIsVisible = 0;
			defaultConfigurationName = Release;
		};
/* End XCConfigurationList section */
	};
	rootObject = 214EB76527C5E80900A7A846 /* Project object */;
}
